
Microsoft Visual Studio Solution File, Format Version 12.00
# Visual Studio Version 17
VisualStudioVersion = 17.5.002.0
MinimumVisualStudioVersion = 10.0.40219.1
Project("{9A19103F-16F7-4668-BE54-9A1E7A4F7556}") = "Api", "api\Api.csproj", "{08F03CB0-A56B-4016-82B6-B590B9866EED}"
EndProject
Global
	GlobalSection(SolutionConfigurationPlatforms) = preSolution
		Debug|Any CPU = Debug|Any CPU
		Release|Any CPU = Release|Any CPU
	EndGlobalSection
	GlobalSection(ProjectConfigurationPlatforms) = postSolution
		{08F03CB0-A56B-4016-82B6-B590B9866EED}.Debug|Any CPU.ActiveCfg = Debug|Any CPU
		{08F03CB0-A56B-4016-82B6-B590B9866EED}.Debug|Any CPU.Build.0 = Debug|Any CPU
		{08F03CB0-A56B-4016-82B6-B590B9866EED}.Release|Any CPU.ActiveCfg = Release|Any CPU
		{08F03CB0-A56B-4016-82B6-B590B9866EED}.Release|Any CPU.Build.0 = Release|Any CPU
	EndGlobalSection
	GlobalSection(SolutionProperties) = preSolution
		HideSolutionNode = FALSE
	EndGlobalSection
	GlobalSection(ExtensibilityGlobals) = postSolution
		SolutionGuid = {B59AE4EE-12EE-44AD-ABF7-4F11D6CE6469}
	EndGlobalSection
EndGlobal
