
Microsoft Visual Studio Solution File, Format Version 12.00
# Visual Studio Version 17
VisualStudioVersion = 17.5.002.0
MinimumVisualStudioVersion = 10.0.40219.1
Project("{9A19103F-16F7-4668-BE54-9A1E7A4F7556}") = "Api", "Api.csproj", "{38301929-8462-4869-871D-8EBB109AA393}"
EndProject
Global
	GlobalSection(SolutionConfigurationPlatforms) = preSolution
		Debug|Any CPU = Debug|Any CPU
		Release|Any CPU = Release|Any CPU
	EndGlobalSection
	GlobalSection(ProjectConfigurationPlatforms) = postSolution
		{38301929-8462-4869-871D-8EBB109AA393}.Debug|Any CPU.ActiveCfg = Debug|Any CPU
		{38301929-8462-4869-871D-8EBB109AA393}.Debug|Any CPU.Build.0 = Debug|Any CPU
		{38301929-8462-4869-871D-8EBB109AA393}.Release|Any CPU.ActiveCfg = Release|Any CPU
		{38301929-8462-4869-871D-8EBB109AA393}.Release|Any CPU.Build.0 = Release|Any CPU
	EndGlobalSection
	GlobalSection(SolutionProperties) = preSolution
		HideSolutionNode = FALSE
	EndGlobalSection
	GlobalSection(ExtensibilityGlobals) = postSolution
		SolutionGuid = {E8DC8696-B002-4D21-9788-8A176E52C059}
	EndGlobalSection
EndGlobal
